// !$*UTF8*$!
{
	archiveVersion = 1;
	classes = {
	};
	objectVersion = 46;
	objects = {

/* Begin PBXBuildFile section */
		E6D4EA3F15B70B140011798E /* UIKit.framework in Frameworks */ = {isa = PBXBuildFile; fileRef = E6D4EA3E15B70B140011798E /* UIKit.framework */; };
		E6D4EA4115B70B140011798E /* Foundation.framework in Frameworks */ = {isa = PBXBuildFile; fileRef = E6D4EA4015B70B140011798E /* Foundation.framework */; };
		E6D4EA4315B70B140011798E /* CoreGraphics.framework in Frameworks */ = {isa = PBXBuildFile; fileRef = E6D4EA4215B70B140011798E /* CoreGraphics.framework */; };
		E6D4EA4915B70B140011798E /* InfoPlist.strings in Resources */ = {isa = PBXBuildFile; fileRef = E6D4EA4715B70B140011798E /* InfoPlist.strings */; };
		E6D4EA4B15B70B140011798E /* main.m in Sources */ = {isa = PBXBuildFile; fileRef = E6D4EA4A15B70B140011798E /* main.m */; };
		E6D4EA4F15B70B140011798E /* CCAppDelegate.m in Sources */ = {isa = PBXBuildFile; fileRef = E6D4EA4E15B70B140011798E /* CCAppDelegate.m */; };
/* End PBXBuildFile section */

/* Begin PBXFileReference section */
		E6D4EA3A15B70B140011798E /* CC.app */ = {isa = PBXFileReference; explicitFileType = wrapper.application; includeInIndex = 0; path = CC.app; sourceTree = BUILT_PRODUCTS_DIR; };
		E6D4EA3E15B70B140011798E /* UIKit.framework */ = {isa = PBXFileReference; lastKnownFileType = wrapper.framework; name = UIKit.framework; path = System/Library/Frameworks/UIKit.framework; sourceTree = SDKROOT; };
		E6D4EA4015B70B140011798E /* Foundation.framework */ = {isa = PBXFileReference; lastKnownFileType = wrapper.framework; name = Foundation.framework; path = System/Library/Frameworks/Foundation.framework; sourceTree = SDKROOT; };
		E6D4EA4215B70B140011798E /* CoreGraphics.framework */ = {isa = PBXFileReference; lastKnownFileType = wrapper.framework; name = CoreGraphics.framework; path = System/Library/Frameworks/CoreGraphics.framework; sourceTree = SDKROOT; };
		E6D4EA4615B70B140011798E /* CC-Info.plist */ = {isa = PBXFileReference; path = "CC-Info.plist"; sourceTree = "<group>"; };
		E6D4EA4815B70B140011798E /* en */ = {isa = PBXFileReference; lastKnownFileType = text.plist.strings; name = en; path = en.lproj/InfoPlist.strings; sourceTree = "<group>"; };
		E6D4EA4A15B70B140011798E /* main.m */ = {isa = PBXFileReference; lastKnownFileType = sourcecode.c.objc; path = main.m; sourceTree = "<group>"; };
		E6D4EA4C15B70B140011798E /* CC-Prefix.pch */ = {isa = PBXFileReference; path = "CC-Prefix.pch"; sourceTree = "<group>"; };
		E6D4EA4D15B70B140011798E /* CCAppDelegate.h */ = {isa = PBXFileReference; path = CCAppDelegate.h; sourceTree = "<group>"; };
		E6D4EA4E15B70B140011798E /* CCAppDelegate.m */ = {isa = PBXFileReference; lastKnownFileType = sourcecode.c.objc; path = CCAppDelegate.m; sourceTree = "<group>"; };
/* End PBXFileReference section */

/* Begin PBXFrameworksBuildPhase section */
		E6D4EA3715B70B140011798E /* Frameworks */ = {
			isa = PBXFrameworksBuildPhase;
			buildActionMask = 2147483647;
			files = (
				E6D4EA3F15B70B140011798E /* UIKit.framework in Frameworks */,
				E6D4EA4115B70B140011798E /* Foundation.framework in Frameworks */,
				E6D4EA4315B70B140011798E /* CoreGraphics.framework in Frameworks */,
			);
			runOnlyForDeploymentPostprocessing = 0;
		};
/* End PBXFrameworksBuildPhase section */

/* Begin PBXGroup section */
		E6D4EA2F15B70B140011798E = {
			isa = PBXGroup;
			children = (
				E6D4EA4415B70B140011798E /* CC */,
				E6D4EA3D15B70B140011798E /* Frameworks */,
				E6D4EA3B15B70B140011798E /* Products */,
			);
			sourceTree = "<group>";
		};
		E6D4EA3B15B70B140011798E /* Products */ = {
			isa = PBXGroup;
			children = (
				E6D4EA3A15B70B140011798E /* CC.app */,
			);
			name = Products;
			sourceTree = "<group>";
		};
		E6D4EA3D15B70B140011798E /* Frameworks */ = {
			isa = PBXGroup;
			children = (
				E6D4EA3E15B70B140011798E /* UIKit.framework */,
				E6D4EA4015B70B140011798E /* Foundation.framework */,
				E6D4EA4215B70B140011798E /* CoreGraphics.framework */,
			);
			name = Frameworks;
			sourceTree = "<group>";
		};
		E6D4EA4415B70B140011798E /* CC */ = {
			isa = PBXGroup;
			children = (
				E6D4EA4D15B70B140011798E /* CCAppDelegate.h */,
				E6D4EA4E15B70B140011798E /* CCAppDelegate.m */,
				E6D4EA4515B70B140011798E /* Supporting Files */,
			);
			path = CC;
			sourceTree = "<group>";
		};
		E6D4EA4515B70B140011798E /* Supporting Files */ = {
			isa = PBXGroup;
			children = (
				E6D4EA4615B70B140011798E /* CC-Info.plist */,
				E6D4EA4715B70B140011798E /* InfoPlist.strings */,
				E6D4EA4A15B70B140011798E /* main.m */,
				E6D4EA4C15B70B140011798E /* CC-Prefix.pch */,
			);
			name = "Supporting Files";
			sourceTree = "<group>";
		};
/* End PBXGroup section */

/* Begin PBXNativeTarget section */
		E6D4EA3915B70B140011798E /* CC */ = {
			isa = PBXNativeTarget;
			buildConfigurationList = E6D4EA5215B70B140011798E /* Build configuration list for PBXNativeTarget "CC" */;
			buildPhases = (
				E6D4EA3615B70B140011798E /* Sources */,
				E6D4EA3715B70B140011798E /* Frameworks */,
				E6D4EA3815B70B140011798E /* Resources */,
			);
			buildRules = (
			);
			dependencies = (
			);
			name = CC;
			productName = CC;
			productReference = E6D4EA3A15B70B140011798E /* CC.app */;
			productType = "com.apple.product-type.application";
		};
/* End PBXNativeTarget section */

/* Begin PBXProject section */
		E6D4EA3115B70B140011798E /* Project object */ = {
			isa = PBXProject;
			attributes = {
				CLASSPREFIX = CC;
				LastUpgradeCheck = 0430;
			};
			buildConfigurationList = E6D4EA3415B70B140011798E /* Build configuration list for PBXProject "CC" */;
			compatibilityVersion = "Xcode 3.2";
			developmentRegion = English;
			hasScannedForEncodings = 0;
			knownRegions = (
				en,
			);
			mainGroup = E6D4EA2F15B70B140011798E;
			productRefGroup = E6D4EA3B15B70B140011798E /* Products */;
			projectDirPath = "";
			projectRoot = "";
			targets = (
				E6D4EA3915B70B140011798E /* CC */,
			);
		};
/* End PBXProject section */

/* Begin PBXResourcesBuildPhase section */
		E6D4EA3815B70B140011798E /* Resources */ = {
			isa = PBXResourcesBuildPhase;
			buildActionMask = 2147483647;
			files = (
				E6D4EA4915B70B140011798E /* InfoPlist.strings in Resources */,
			);
			runOnlyForDeploymentPostprocessing = 0;
		};
/* End PBXResourcesBuildPhase section */

/* Begin PBXSourcesBuildPhase section */
		E6D4EA3615B70B140011798E /* Sources */ = {
			isa = PBXSourcesBuildPhase;
			buildActionMask = 2147483647;
			files = (
				E6D4EA4B15B70B140011798E /* main.m in Sources */,
				E6D4EA4F15B70B140011798E /* CCAppDelegate.m in Sources */,
			);
			runOnlyForDeploymentPostprocessing = 0;
		};
/* End PBXSourcesBuildPhase section */

/* Begin PBXVariantGroup section */
		E6D4EA4715B70B140011798E /* InfoPlist.strings */ = {
			isa = PBXVariantGroup;
			children = (
				E6D4EA4815B70B140011798E /* en */,
			);
			name = InfoPlist.strings;
			sourceTree = "<group>";
		};
/* End PBXVariantGroup section */

/* Begin XCBuildConfiguration section */
		E6D4EA5015B70B140011798E /* Debug */ = {
			isa = XCBuildConfiguration;
			buildSettings = {
				ALWAYS_SEARCH_USER_PATHS = NO;
				ARCHS = "$(ARCHS_STANDARD_32_BIT)";
				CLANG_ENABLE_OBJC_ARC = YES;
				"CODE_SIGN_IDENTITY[sdk=iphoneos*]" = "iPhone Developer";
				COPY_PHASE_STRIP = NO;
				GCC_C_LANGUAGE_STANDARD = gnu99;
				GCC_DYNAMIC_NO_PIC = NO;
				GCC_OPTIMIZATION_LEVEL = 0;
				GCC_PREPROCESSOR_DEFINITIONS = (
					"DEBUG=1",
					"$(inherited)",
				);
				GCC_SYMBOLS_PRIVATE_EXTERN = NO;
				GCC_VERSION = com.apple.compilers.llvm.clang.1_0;
				GCC_WARN_ABOUT_RETURN_TYPE = YES;
				GCC_WARN_UNINITIALIZED_AUTOS = YES;
				GCC_WARN_UNUSED_VARIABLE = YES;
				IPHONEOS_DEPLOYMENT_TARGET = 5.1;
				SDKROOT = iphoneos;
			};
			name = Debug;
		};
		E6D4EA5115B70B140011798E /* Release */ = {
			isa = XCBuildConfiguration;
			buildSettings = {
				ALWAYS_SEARCH_USER_PATHS = NO;
				ARCHS = "$(ARCHS_STANDARD_32_BIT)";
				CLANG_ENABLE_OBJC_ARC = YES;
				"CODE_SIGN_IDENTITY[sdk=iphoneos*]" = "iPhone Developer";
				COPY_PHASE_STRIP = YES;
				GCC_C_LANGUAGE_STANDARD = gnu99;
				GCC_VERSION = com.apple.compilers.llvm.clang.1_0;
				GCC_WARN_ABOUT_RETURN_TYPE = YES;
				GCC_WARN_UNINITIALIZED_AUTOS = YES;
				GCC_WARN_UNUSED_VARIABLE = YES;
				IPHONEOS_DEPLOYMENT_TARGET = 5.1;
				OTHER_CFLAGS = "-DNS_BLOCK_ASSERTIONS=1";
				SDKROOT = iphoneos;
				VALIDATE_PRODUCT = YES;
			};
			name = Release;
		};
		E6D4EA5315B70B140011798E /* Debug */ = {
			isa = XCBuildConfiguration;
			buildSettings = {
				GCC_PRECOMPILE_PREFIX_HEADER = YES;
				GCC_PREFIX_HEADER = "CC/CC-Prefix.pch";
				INFOPLIST_FILE = "CC/CC-Info.plist";
				PRODUCT_NAME = "$(TARGET_NAME)";
				WRAPPER_EXTENSION = app;
			};
			name = Debug;
		};
		E6D4EA5415B70B140011798E /* Release */ = {
			isa = XCBuildConfiguration;
			buildSettings = {
				GCC_PRECOMPILE_PREFIX_HEADER = YES;
				GCC_PREFIX_HEADER = "CC/CC-Prefix.pch";
				INFOPLIST_FILE = "CC/CC-Info.plist";
				PRODUCT_NAME = "$(TARGET_NAME)";
				WRAPPER_EXTENSION = app;
			};
			name = Release;
		};
/* End XCBuildConfiguration section */

/* Begin XCConfigurationList section */
		E6D4EA3415B70B140011798E /* Build configuration list for PBXProject "CC" */ = {
			isa = XCConfigurationList;
			buildConfigurations = (
				E6D4EA5015B70B140011798E /* Debug */,
				E6D4EA5115B70B140011798E /* Release */,
			);
			defaultConfigurationIsVisible = 0;
			defaultConfigurationName = Release;
		};
		E6D4EA5215B70B140011798E /* Build configuration list for PBXNativeTarget "CC" */ = {
			isa = XCConfigurationList;
			buildConfigurations = (
				E6D4EA5315B70B140011798E /* Debug */,
				E6D4EA5415B70B140011798E /* Release */,
			);
			defaultConfigurationIsVisible = 0;
		};
/* End XCConfigurationList section */
	};
	rootObject = E6D4EA3115B70B140011798E /* Project object */;
}
