// !$*UTF8*$!
{
	archiveVersion = 1;
	classes = {
	};
	objectVersion = 46;
	objects = {

/* Begin PBXBuildFile section */
		E63B02EB15B8702A006D0890 /* UIKit.framework in Frameworks */ = {isa = PBXBuildFile; fileRef = E63B02EA15B8702A006D0890 /* UIKit.framework */; };
		E63B02ED15B8702A006D0890 /* Foundation.framework in Frameworks */ = {isa = PBXBuildFile; fileRef = E63B02EC15B8702A006D0890 /* Foundation.framework */; };
		E63B02EF15B8702A006D0890 /* CoreGraphics.framework in Frameworks */ = {isa = PBXBuildFile; fileRef = E63B02EE15B8702A006D0890 /* CoreGraphics.framework */; };
		E63B02F515B8702A006D0890 /* InfoPlist.strings in Resources */ = {isa = PBXBuildFile; fileRef = E63B02F315B8702A006D0890 /* InfoPlist.strings */; };
		E63B02F715B8702A006D0890 /* main.m in Sources */ = {isa = PBXBuildFile; fileRef = E63B02F615B8702A006D0890 /* main.m */; };
		E63B02FB15B8702A006D0890 /* CO2AppDelegate.m in Sources */ = {isa = PBXBuildFile; fileRef = E63B02FA15B8702A006D0890 /* CO2AppDelegate.m */; };
		E63B030215B87047006D0890 /* Main.storyboard in Resources */ = {isa = PBXBuildFile; fileRef = E63B030115B87047006D0890 /* Main.storyboard */; };
		E63B030915B95513006D0890 /* CCLocationController.m in Sources */ = {isa = PBXBuildFile; fileRef = E63B030815B95513006D0890 /* CCLocationController.m */; };
		E63B030B15B95570006D0890 /* CoreLocation.framework in Frameworks */ = {isa = PBXBuildFile; fileRef = E63B030A15B95570006D0890 /* CoreLocation.framework */; };
/* End PBXBuildFile section */

/* Begin PBXFileReference section */
		E63B02E615B8702A006D0890 /* CO2Commute.app */ = {isa = PBXFileReference; explicitFileType = wrapper.application; includeInIndex = 0; path = CO2Commute.app; sourceTree = BUILT_PRODUCTS_DIR; };
		E63B02EA15B8702A006D0890 /* UIKit.framework */ = {isa = PBXFileReference; lastKnownFileType = wrapper.framework; name = UIKit.framework; path = System/Library/Frameworks/UIKit.framework; sourceTree = SDKROOT; };
		E63B02EC15B8702A006D0890 /* Foundation.framework */ = {isa = PBXFileReference; lastKnownFileType = wrapper.framework; name = Foundation.framework; path = System/Library/Frameworks/Foundation.framework; sourceTree = SDKROOT; };
		E63B02EE15B8702A006D0890 /* CoreGraphics.framework */ = {isa = PBXFileReference; lastKnownFileType = wrapper.framework; name = CoreGraphics.framework; path = System/Library/Frameworks/CoreGraphics.framework; sourceTree = SDKROOT; };
		E63B02F215B8702A006D0890 /* CO2Commute-Info.plist */ = {isa = PBXFileReference; lastKnownFileType = text.plist.xml; path = "CO2Commute-Info.plist"; sourceTree = "<group>"; };
		E63B02F415B8702A006D0890 /* en */ = {isa = PBXFileReference; lastKnownFileType = text.plist.strings; name = en; path = en.lproj/InfoPlist.strings; sourceTree = "<group>"; };
		E63B02F615B8702A006D0890 /* main.m */ = {isa = PBXFileReference; lastKnownFileType = sourcecode.c.objc; path = main.m; sourceTree = "<group>"; };
		E63B02F815B8702A006D0890 /* CO2Commute-Prefix.pch */ = {isa = PBXFileReference; lastKnownFileType = sourcecode.c.h; path = "CO2Commute-Prefix.pch"; sourceTree = "<group>"; };
		E63B02F915B8702A006D0890 /* CO2AppDelegate.h */ = {isa = PBXFileReference; lastKnownFileType = sourcecode.c.h; path = CO2AppDelegate.h; sourceTree = "<group>"; };
		E63B02FA15B8702A006D0890 /* CO2AppDelegate.m */ = {isa = PBXFileReference; lastKnownFileType = sourcecode.c.objc; path = CO2AppDelegate.m; sourceTree = "<group>"; };
		E63B030115B87047006D0890 /* Main.storyboard */ = {isa = PBXFileReference; fileEncoding = 4; lastKnownFileType = file.storyboard; name = Main.storyboard; path = ../Main.storyboard; sourceTree = "<group>"; };
		E63B030715B95513006D0890 /* CCLocationController.h */ = {isa = PBXFileReference; fileEncoding = 4; lastKnownFileType = sourcecode.c.h; path = CCLocationController.h; sourceTree = "<group>"; };
		E63B030815B95513006D0890 /* CCLocationController.m */ = {isa = PBXFileReference; fileEncoding = 4; lastKnownFileType = sourcecode.c.objc; path = CCLocationController.m; sourceTree = "<group>"; };
		E63B030A15B95570006D0890 /* CoreLocation.framework */ = {isa = PBXFileReference; lastKnownFileType = wrapper.framework; name = CoreLocation.framework; path = System/Library/Frameworks/CoreLocation.framework; sourceTree = SDKROOT; };
/* End PBXFileReference section */

/* Begin PBXFrameworksBuildPhase section */
		E63B02E315B8702A006D0890 /* Frameworks */ = {
			isa = PBXFrameworksBuildPhase;
			buildActionMask = 2147483647;
			files = (
				E63B030B15B95570006D0890 /* CoreLocation.framework in Frameworks */,
				E63B02EB15B8702A006D0890 /* UIKit.framework in Frameworks */,
				E63B02ED15B8702A006D0890 /* Foundation.framework in Frameworks */,
				E63B02EF15B8702A006D0890 /* CoreGraphics.framework in Frameworks */,
			);
			runOnlyForDeploymentPostprocessing = 0;
		};
/* End PBXFrameworksBuildPhase section */

/* Begin PBXGroup section */
		E63B02DB15B8702A006D0890 = {
			isa = PBXGroup;
			children = (
				E63B030A15B95570006D0890 /* CoreLocation.framework */,
				E63B02F015B8702A006D0890 /* CO2Commute */,
				E63B02E915B8702A006D0890 /* Frameworks */,
				E63B02E715B8702A006D0890 /* Products */,
			);
			sourceTree = "<group>";
		};
		E63B02E715B8702A006D0890 /* Products */ = {
			isa = PBXGroup;
			children = (
				E63B02E615B8702A006D0890 /* CO2Commute.app */,
			);
			name = Products;
			sourceTree = "<group>";
		};
		E63B02E915B8702A006D0890 /* Frameworks */ = {
			isa = PBXGroup;
			children = (
				E63B02EA15B8702A006D0890 /* UIKit.framework */,
				E63B02EC15B8702A006D0890 /* Foundation.framework */,
				E63B02EE15B8702A006D0890 /* CoreGraphics.framework */,
			);
			name = Frameworks;
			sourceTree = "<group>";
		};
		E63B02F015B8702A006D0890 /* CO2Commute */ = {
			isa = PBXGroup;
			children = (
				E63B030115B87047006D0890 /* Main.storyboard */,
				E63B02F915B8702A006D0890 /* CO2AppDelegate.h */,
				E63B02FA15B8702A006D0890 /* CO2AppDelegate.m */,
				E63B030715B95513006D0890 /* CCLocationController.h */,
				E63B030815B95513006D0890 /* CCLocationController.m */,
				E63B02F115B8702A006D0890 /* Supporting Files */,
			);
			path = CO2Commute;
			sourceTree = "<group>";
		};
		E63B02F115B8702A006D0890 /* Supporting Files */ = {
			isa = PBXGroup;
			children = (
				E63B02F215B8702A006D0890 /* CO2Commute-Info.plist */,
				E63B02F315B8702A006D0890 /* InfoPlist.strings */,
				E63B02F615B8702A006D0890 /* main.m */,
				E63B02F815B8702A006D0890 /* CO2Commute-Prefix.pch */,
			);
			name = "Supporting Files";
			sourceTree = "<group>";
		};
/* End PBXGroup section */

/* Begin PBXNativeTarget section */
		E63B02E515B8702A006D0890 /* CO2Commute */ = {
			isa = PBXNativeTarget;
			buildConfigurationList = E63B02FE15B8702A006D0890 /* Build configuration list for PBXNativeTarget "CO2Commute" */;
			buildPhases = (
				E63B02E215B8702A006D0890 /* Sources */,
				E63B02E315B8702A006D0890 /* Frameworks */,
				E63B02E415B8702A006D0890 /* Resources */,
			);
			buildRules = (
			);
			dependencies = (
			);
			name = CO2Commute;
			productName = CO2Commute;
			productReference = E63B02E615B8702A006D0890 /* CO2Commute.app */;
			productType = "com.apple.product-type.application";
		};
/* End PBXNativeTarget section */

/* Begin PBXProject section */
		E63B02DD15B8702A006D0890 /* Project object */ = {
			isa = PBXProject;
			attributes = {
				CLASSPREFIX = CO2;
				LastUpgradeCheck = 0430;
			};
			buildConfigurationList = E63B02E015B8702A006D0890 /* Build configuration list for PBXProject "CO2Commute" */;
			compatibilityVersion = "Xcode 3.2";
			developmentRegion = English;
			hasScannedForEncodings = 0;
			knownRegions = (
				en,
			);
			mainGroup = E63B02DB15B8702A006D0890;
			productRefGroup = E63B02E715B8702A006D0890 /* Products */;
			projectDirPath = "";
			projectRoot = "";
			targets = (
				E63B02E515B8702A006D0890 /* CO2Commute */,
			);
		};
/* End PBXProject section */

/* Begin PBXResourcesBuildPhase section */
		E63B02E415B8702A006D0890 /* Resources */ = {
			isa = PBXResourcesBuildPhase;
			buildActionMask = 2147483647;
			files = (
				E63B02F515B8702A006D0890 /* InfoPlist.strings in Resources */,
				E63B030215B87047006D0890 /* Main.storyboard in Resources */,
			);
			runOnlyForDeploymentPostprocessing = 0;
		};
/* End PBXResourcesBuildPhase section */

/* Begin PBXSourcesBuildPhase section */
		E63B02E215B8702A006D0890 /* Sources */ = {
			isa = PBXSourcesBuildPhase;
			buildActionMask = 2147483647;
			files = (
				E63B02F715B8702A006D0890 /* main.m in Sources */,
				E63B02FB15B8702A006D0890 /* CO2AppDelegate.m in Sources */,
				E63B030915B95513006D0890 /* CCLocationController.m in Sources */,
			);
			runOnlyForDeploymentPostprocessing = 0;
		};
/* End PBXSourcesBuildPhase section */

/* Begin PBXVariantGroup section */
		E63B02F315B8702A006D0890 /* InfoPlist.strings */ = {
			isa = PBXVariantGroup;
			children = (
				E63B02F415B8702A006D0890 /* en */,
			);
			name = InfoPlist.strings;
			sourceTree = "<group>";
		};
/* End PBXVariantGroup section */

/* Begin XCBuildConfiguration section */
		E63B02FC15B8702A006D0890 /* Debug */ = {
			isa = XCBuildConfiguration;
			buildSettings = {
				ALWAYS_SEARCH_USER_PATHS = NO;
				ARCHS = "$(ARCHS_STANDARD_32_BIT)";
				CLANG_ENABLE_OBJC_ARC = YES;
				"CODE_SIGN_IDENTITY[sdk=iphoneos*]" = "iPhone Developer";
				COPY_PHASE_STRIP = NO;
				GCC_C_LANGUAGE_STANDARD = gnu99;
				GCC_DYNAMIC_NO_PIC = NO;
				GCC_OPTIMIZATION_LEVEL = 0;
				GCC_PREPROCESSOR_DEFINITIONS = (
					"DEBUG=1",
					"$(inherited)",
				);
				GCC_SYMBOLS_PRIVATE_EXTERN = NO;
				GCC_VERSION = com.apple.compilers.llvm.clang.1_0;
				GCC_WARN_ABOUT_RETURN_TYPE = YES;
				GCC_WARN_UNINITIALIZED_AUTOS = YES;
				GCC_WARN_UNUSED_VARIABLE = YES;
				IPHONEOS_DEPLOYMENT_TARGET = 5.1;
				SDKROOT = iphoneos;
			};
			name = Debug;
		};
		E63B02FD15B8702A006D0890 /* Release */ = {
			isa = XCBuildConfiguration;
			buildSettings = {
				ALWAYS_SEARCH_USER_PATHS = NO;
				ARCHS = "$(ARCHS_STANDARD_32_BIT)";
				CLANG_ENABLE_OBJC_ARC = YES;
				"CODE_SIGN_IDENTITY[sdk=iphoneos*]" = "iPhone Developer";
				COPY_PHASE_STRIP = YES;
				GCC_C_LANGUAGE_STANDARD = gnu99;
				GCC_VERSION = com.apple.compilers.llvm.clang.1_0;
				GCC_WARN_ABOUT_RETURN_TYPE = YES;
				GCC_WARN_UNINITIALIZED_AUTOS = YES;
				GCC_WARN_UNUSED_VARIABLE = YES;
				IPHONEOS_DEPLOYMENT_TARGET = 5.1;
				OTHER_CFLAGS = "-DNS_BLOCK_ASSERTIONS=1";
				SDKROOT = iphoneos;
				VALIDATE_PRODUCT = YES;
			};
			name = Release;
		};
		E63B02FF15B8702A006D0890 /* Debug */ = {
			isa = XCBuildConfiguration;
			buildSettings = {
				GCC_PRECOMPILE_PREFIX_HEADER = YES;
				GCC_PREFIX_HEADER = "CO2Commute/CO2Commute-Prefix.pch";
				INFOPLIST_FILE = "CO2Commute/CO2Commute-Info.plist";
				PRODUCT_NAME = "$(TARGET_NAME)";
				WRAPPER_EXTENSION = app;
			};
			name = Debug;
		};
		E63B030015B8702A006D0890 /* Release */ = {
			isa = XCBuildConfiguration;
			buildSettings = {
				GCC_PRECOMPILE_PREFIX_HEADER = YES;
				GCC_PREFIX_HEADER = "CO2Commute/CO2Commute-Prefix.pch";
				INFOPLIST_FILE = "CO2Commute/CO2Commute-Info.plist";
				PRODUCT_NAME = "$(TARGET_NAME)";
				WRAPPER_EXTENSION = app;
			};
			name = Release;
		};
/* End XCBuildConfiguration section */

/* Begin XCConfigurationList section */
		E63B02E015B8702A006D0890 /* Build configuration list for PBXProject "CO2Commute" */ = {
			isa = XCConfigurationList;
			buildConfigurations = (
				E63B02FC15B8702A006D0890 /* Debug */,
				E63B02FD15B8702A006D0890 /* Release */,
			);
			defaultConfigurationIsVisible = 0;
			defaultConfigurationName = Release;
		};
		E63B02FE15B8702A006D0890 /* Build configuration list for PBXNativeTarget "CO2Commute" */ = {
			isa = XCConfigurationList;
			buildConfigurations = (
				E63B02FF15B8702A006D0890 /* Debug */,
				E63B030015B8702A006D0890 /* Release */,
			);
			defaultConfigurationIsVisible = 0;
			defaultConfigurationName = Release;
		};
/* End XCConfigurationList section */
	};
	rootObject = E63B02DD15B8702A006D0890 /* Project object */;
}
