// !$*UTF8*$!
{
	archiveVersion = 1;
	classes = {
	};
	objectVersion = 46;
	objects = {

/* Begin PBXBuildFile section */
		E6D4E9D815B56BE50011798E /* UIKit.framework in Frameworks */ = {isa = PBXBuildFile; fileRef = E6D4E9D715B56BE50011798E /* UIKit.framework */; };
		E6D4E9DA15B56BE50011798E /* Foundation.framework in Frameworks */ = {isa = PBXBuildFile; fileRef = E6D4E9D915B56BE50011798E /* Foundation.framework */; };
		E6D4E9DC15B56BE50011798E /* CoreGraphics.framework in Frameworks */ = {isa = PBXBuildFile; fileRef = E6D4E9DB15B56BE50011798E /* CoreGraphics.framework */; };
		E6D4E9E215B56BE50011798E /* InfoPlist.strings in Resources */ = {isa = PBXBuildFile; fileRef = E6D4E9E015B56BE50011798E /* InfoPlist.strings */; };
		E6D4E9E415B56BE50011798E /* main.m in Sources */ = {isa = PBXBuildFile; fileRef = E6D4E9E315B56BE50011798E /* main.m */; };
		E6D4E9E815B56BE50011798E /* CCAppDelegate.m in Sources */ = {isa = PBXBuildFile; fileRef = E6D4E9E715B56BE50011798E /* CCAppDelegate.m */; };
		E6D4E9EB15B56BE50011798E /* CCViewController.m in Sources */ = {isa = PBXBuildFile; fileRef = E6D4E9EA15B56BE50011798E /* CCViewController.m */; };
		E6D4E9EE15B56BE50011798E /* CCViewController.xib in Resources */ = {isa = PBXBuildFile; fileRef = E6D4E9EC15B56BE50011798E /* CCViewController.xib */; };
		E6D4E9F615B56EA20011798E /* CCLocationController.m in Sources */ = {isa = PBXBuildFile; fileRef = E6D4E9F515B56EA20011798E /* CCLocationController.m */; };
		E6D4E9F815B56F550011798E /* CoreLocation.framework in Frameworks */ = {isa = PBXBuildFile; fileRef = E6D4E9F715B56F550011798E /* CoreLocation.framework */; };
/* End PBXBuildFile section */

/* Begin PBXFileReference section */
		E6D4E9D315B56BE50011798E /* CarbonCommute.app */ = {isa = PBXFileReference; explicitFileType = wrapper.application; includeInIndex = 0; path = CarbonCommute.app; sourceTree = BUILT_PRODUCTS_DIR; };
		E6D4E9D715B56BE50011798E /* UIKit.framework */ = {isa = PBXFileReference; lastKnownFileType = wrapper.framework; name = UIKit.framework; path = System/Library/Frameworks/UIKit.framework; sourceTree = SDKROOT; };
		E6D4E9D915B56BE50011798E /* Foundation.framework */ = {isa = PBXFileReference; lastKnownFileType = wrapper.framework; name = Foundation.framework; path = System/Library/Frameworks/Foundation.framework; sourceTree = SDKROOT; };
		E6D4E9DB15B56BE50011798E /* CoreGraphics.framework */ = {isa = PBXFileReference; lastKnownFileType = wrapper.framework; name = CoreGraphics.framework; path = System/Library/Frameworks/CoreGraphics.framework; sourceTree = SDKROOT; };
		E6D4E9DF15B56BE50011798E /* CarbonCommute-Info.plist */ = {isa = PBXFileReference; lastKnownFileType = text.plist.xml; path = "CarbonCommute-Info.plist"; sourceTree = "<group>"; };
		E6D4E9E115B56BE50011798E /* en */ = {isa = PBXFileReference; lastKnownFileType = text.plist.strings; name = en; path = en.lproj/InfoPlist.strings; sourceTree = "<group>"; };
		E6D4E9E315B56BE50011798E /* main.m */ = {isa = PBXFileReference; lastKnownFileType = sourcecode.c.objc; path = main.m; sourceTree = "<group>"; };
		E6D4E9E515B56BE50011798E /* CarbonCommute-Prefix.pch */ = {isa = PBXFileReference; lastKnownFileType = sourcecode.c.h; path = "CarbonCommute-Prefix.pch"; sourceTree = "<group>"; };
		E6D4E9E615B56BE50011798E /* CCAppDelegate.h */ = {isa = PBXFileReference; lastKnownFileType = sourcecode.c.h; path = CCAppDelegate.h; sourceTree = "<group>"; };
		E6D4E9E715B56BE50011798E /* CCAppDelegate.m */ = {isa = PBXFileReference; lastKnownFileType = sourcecode.c.objc; path = CCAppDelegate.m; sourceTree = "<group>"; };
		E6D4E9E915B56BE50011798E /* CCViewController.h */ = {isa = PBXFileReference; lastKnownFileType = sourcecode.c.h; path = CCViewController.h; sourceTree = "<group>"; };
		E6D4E9EA15B56BE50011798E /* CCViewController.m */ = {isa = PBXFileReference; lastKnownFileType = sourcecode.c.objc; path = CCViewController.m; sourceTree = "<group>"; };
		E6D4E9ED15B56BE50011798E /* en */ = {isa = PBXFileReference; lastKnownFileType = file.xib; name = en; path = en.lproj/CCViewController.xib; sourceTree = "<group>"; };
		E6D4E9F415B56EA20011798E /* CCLocationController.h */ = {isa = PBXFileReference; fileEncoding = 4; lastKnownFileType = sourcecode.c.h; path = CCLocationController.h; sourceTree = "<group>"; };
		E6D4E9F515B56EA20011798E /* CCLocationController.m */ = {isa = PBXFileReference; fileEncoding = 4; lastKnownFileType = sourcecode.c.objc; path = CCLocationController.m; sourceTree = "<group>"; };
		E6D4E9F715B56F550011798E /* CoreLocation.framework */ = {isa = PBXFileReference; lastKnownFileType = wrapper.framework; name = CoreLocation.framework; path = System/Library/Frameworks/CoreLocation.framework; sourceTree = SDKROOT; };
/* End PBXFileReference section */

/* Begin PBXFrameworksBuildPhase section */
		E6D4E9D015B56BE50011798E /* Frameworks */ = {
			isa = PBXFrameworksBuildPhase;
			buildActionMask = 2147483647;
			files = (
				E6D4E9F815B56F550011798E /* CoreLocation.framework in Frameworks */,
				E6D4E9D815B56BE50011798E /* UIKit.framework in Frameworks */,
				E6D4E9DA15B56BE50011798E /* Foundation.framework in Frameworks */,
				E6D4E9DC15B56BE50011798E /* CoreGraphics.framework in Frameworks */,
			);
			runOnlyForDeploymentPostprocessing = 0;
		};
/* End PBXFrameworksBuildPhase section */

/* Begin PBXGroup section */
		E6D4E9C815B56BE40011798E = {
			isa = PBXGroup;
			children = (
				E6D4E9DD15B56BE50011798E /* CarbonCommute */,
				E6D4E9D615B56BE50011798E /* Frameworks */,
				E6D4E9D415B56BE50011798E /* Products */,
			);
			sourceTree = "<group>";
		};
		E6D4E9D415B56BE50011798E /* Products */ = {
			isa = PBXGroup;
			children = (
				E6D4E9D315B56BE50011798E /* CarbonCommute.app */,
			);
			name = Products;
			sourceTree = "<group>";
		};
		E6D4E9D615B56BE50011798E /* Frameworks */ = {
			isa = PBXGroup;
			children = (
				E6D4E9F715B56F550011798E /* CoreLocation.framework */,
				E6D4E9D715B56BE50011798E /* UIKit.framework */,
				E6D4E9D915B56BE50011798E /* Foundation.framework */,
				E6D4E9DB15B56BE50011798E /* CoreGraphics.framework */,
			);
			name = Frameworks;
			sourceTree = "<group>";
		};
		E6D4E9DD15B56BE50011798E /* CarbonCommute */ = {
			isa = PBXGroup;
			children = (
				E6D4E9E615B56BE50011798E /* CCAppDelegate.h */,
				E6D4E9E715B56BE50011798E /* CCAppDelegate.m */,
				E6D4E9F415B56EA20011798E /* CCLocationController.h */,
				E6D4E9F515B56EA20011798E /* CCLocationController.m */,
				E6D4E9E915B56BE50011798E /* CCViewController.h */,
				E6D4E9EA15B56BE50011798E /* CCViewController.m */,
				E6D4E9EC15B56BE50011798E /* CCViewController.xib */,
				E6D4E9DE15B56BE50011798E /* Supporting Files */,
			);
			path = CarbonCommute;
			sourceTree = "<group>";
		};
		E6D4E9DE15B56BE50011798E /* Supporting Files */ = {
			isa = PBXGroup;
			children = (
				E6D4E9DF15B56BE50011798E /* CarbonCommute-Info.plist */,
				E6D4E9E015B56BE50011798E /* InfoPlist.strings */,
				E6D4E9E315B56BE50011798E /* main.m */,
				E6D4E9E515B56BE50011798E /* CarbonCommute-Prefix.pch */,
			);
			name = "Supporting Files";
			sourceTree = "<group>";
		};
/* End PBXGroup section */

/* Begin PBXNativeTarget section */
		E6D4E9D215B56BE50011798E /* CarbonCommute */ = {
			isa = PBXNativeTarget;
			buildConfigurationList = E6D4E9F115B56BE50011798E /* Build configuration list for PBXNativeTarget "CarbonCommute" */;
			buildPhases = (
				E6D4E9CF15B56BE50011798E /* Sources */,
				E6D4E9D015B56BE50011798E /* Frameworks */,
				E6D4E9D115B56BE50011798E /* Resources */,
			);
			buildRules = (
			);
			dependencies = (
			);
			name = CarbonCommute;
			productName = CarbonCommute;
			productReference = E6D4E9D315B56BE50011798E /* CarbonCommute.app */;
			productType = "com.apple.product-type.application";
		};
/* End PBXNativeTarget section */

/* Begin PBXProject section */
		E6D4E9CA15B56BE40011798E /* Project object */ = {
			isa = PBXProject;
			attributes = {
				CLASSPREFIX = CC;
				LastUpgradeCheck = 0430;
			};
			buildConfigurationList = E6D4E9CD15B56BE40011798E /* Build configuration list for PBXProject "CarbonCommute" */;
			compatibilityVersion = "Xcode 3.2";
			developmentRegion = English;
			hasScannedForEncodings = 0;
			knownRegions = (
				en,
			);
			mainGroup = E6D4E9C815B56BE40011798E;
			productRefGroup = E6D4E9D415B56BE50011798E /* Products */;
			projectDirPath = "";
			projectRoot = "";
			targets = (
				E6D4E9D215B56BE50011798E /* CarbonCommute */,
			);
		};
/* End PBXProject section */

/* Begin PBXResourcesBuildPhase section */
		E6D4E9D115B56BE50011798E /* Resources */ = {
			isa = PBXResourcesBuildPhase;
			buildActionMask = 2147483647;
			files = (
				E6D4E9E215B56BE50011798E /* InfoPlist.strings in Resources */,
				E6D4E9EE15B56BE50011798E /* CCViewController.xib in Resources */,
			);
			runOnlyForDeploymentPostprocessing = 0;
		};
/* End PBXResourcesBuildPhase section */

/* Begin PBXSourcesBuildPhase section */
		E6D4E9CF15B56BE50011798E /* Sources */ = {
			isa = PBXSourcesBuildPhase;
			buildActionMask = 2147483647;
			files = (
				E6D4E9E415B56BE50011798E /* main.m in Sources */,
				E6D4E9E815B56BE50011798E /* CCAppDelegate.m in Sources */,
				E6D4E9EB15B56BE50011798E /* CCViewController.m in Sources */,
				E6D4E9F615B56EA20011798E /* CCLocationController.m in Sources */,
			);
			runOnlyForDeploymentPostprocessing = 0;
		};
/* End PBXSourcesBuildPhase section */

/* Begin PBXVariantGroup section */
		E6D4E9E015B56BE50011798E /* InfoPlist.strings */ = {
			isa = PBXVariantGroup;
			children = (
				E6D4E9E115B56BE50011798E /* en */,
			);
			name = InfoPlist.strings;
			sourceTree = "<group>";
		};
		E6D4E9EC15B56BE50011798E /* CCViewController.xib */ = {
			isa = PBXVariantGroup;
			children = (
				E6D4E9ED15B56BE50011798E /* en */,
			);
			name = CCViewController.xib;
			sourceTree = "<group>";
		};
/* End PBXVariantGroup section */

/* Begin XCBuildConfiguration section */
		E6D4E9EF15B56BE50011798E /* Debug */ = {
			isa = XCBuildConfiguration;
			buildSettings = {
				ALWAYS_SEARCH_USER_PATHS = NO;
				ARCHS = "$(ARCHS_STANDARD_32_BIT)";
				CLANG_ENABLE_OBJC_ARC = YES;
				"CODE_SIGN_IDENTITY[sdk=iphoneos*]" = "iPhone Developer";
				COPY_PHASE_STRIP = NO;
				GCC_C_LANGUAGE_STANDARD = gnu99;
				GCC_DYNAMIC_NO_PIC = NO;
				GCC_OPTIMIZATION_LEVEL = 0;
				GCC_PREPROCESSOR_DEFINITIONS = (
					"DEBUG=1",
					"$(inherited)",
				);
				GCC_SYMBOLS_PRIVATE_EXTERN = NO;
				GCC_VERSION = com.apple.compilers.llvm.clang.1_0;
				GCC_WARN_ABOUT_RETURN_TYPE = YES;
				GCC_WARN_UNINITIALIZED_AUTOS = YES;
				GCC_WARN_UNUSED_VARIABLE = YES;
				IPHONEOS_DEPLOYMENT_TARGET = 5.1;
				SDKROOT = iphoneos;
			};
			name = Debug;
		};
		E6D4E9F015B56BE50011798E /* Release */ = {
			isa = XCBuildConfiguration;
			buildSettings = {
				ALWAYS_SEARCH_USER_PATHS = NO;
				ARCHS = "$(ARCHS_STANDARD_32_BIT)";
				CLANG_ENABLE_OBJC_ARC = YES;
				"CODE_SIGN_IDENTITY[sdk=iphoneos*]" = "iPhone Developer";
				COPY_PHASE_STRIP = YES;
				GCC_C_LANGUAGE_STANDARD = gnu99;
				GCC_VERSION = com.apple.compilers.llvm.clang.1_0;
				GCC_WARN_ABOUT_RETURN_TYPE = YES;
				GCC_WARN_UNINITIALIZED_AUTOS = YES;
				GCC_WARN_UNUSED_VARIABLE = YES;
				IPHONEOS_DEPLOYMENT_TARGET = 5.1;
				OTHER_CFLAGS = "-DNS_BLOCK_ASSERTIONS=1";
				SDKROOT = iphoneos;
				VALIDATE_PRODUCT = YES;
			};
			name = Release;
		};
		E6D4E9F215B56BE50011798E /* Debug */ = {
			isa = XCBuildConfiguration;
			buildSettings = {
				GCC_PRECOMPILE_PREFIX_HEADER = YES;
				GCC_PREFIX_HEADER = "CarbonCommute/CarbonCommute-Prefix.pch";
				INFOPLIST_FILE = "CarbonCommute/CarbonCommute-Info.plist";
				PRODUCT_NAME = "$(TARGET_NAME)";
				WRAPPER_EXTENSION = app;
			};
			name = Debug;
		};
		E6D4E9F315B56BE50011798E /* Release */ = {
			isa = XCBuildConfiguration;
			buildSettings = {
				GCC_PRECOMPILE_PREFIX_HEADER = YES;
				GCC_PREFIX_HEADER = "CarbonCommute/CarbonCommute-Prefix.pch";
				INFOPLIST_FILE = "CarbonCommute/CarbonCommute-Info.plist";
				PRODUCT_NAME = "$(TARGET_NAME)";
				WRAPPER_EXTENSION = app;
			};
			name = Release;
		};
/* End XCBuildConfiguration section */

/* Begin XCConfigurationList section */
		E6D4E9CD15B56BE40011798E /* Build configuration list for PBXProject "CarbonCommute" */ = {
			isa = XCConfigurationList;
			buildConfigurations = (
				E6D4E9EF15B56BE50011798E /* Debug */,
				E6D4E9F015B56BE50011798E /* Release */,
			);
			defaultConfigurationIsVisible = 0;
			defaultConfigurationName = Release;
		};
		E6D4E9F115B56BE50011798E /* Build configuration list for PBXNativeTarget "CarbonCommute" */ = {
			isa = XCConfigurationList;
			buildConfigurations = (
				E6D4E9F215B56BE50011798E /* Debug */,
				E6D4E9F315B56BE50011798E /* Release */,
			);
			defaultConfigurationIsVisible = 0;
		};
/* End XCConfigurationList section */
	};
	rootObject = E6D4E9CA15B56BE40011798E /* Project object */;
}
